
Microsoft Visual Studio Solution File, Format Version 12.00
# Visual Studio Version 17
VisualStudioVersion = 17.2.32630.192
MinimumVisualStudioVersion = 10.0.40219.1
Project("{FAE04EC0-301F-11D3-BF4B-00C04F79EFBC}") = "TmUnitTesting", "TmUnitTesting\TmUnitTesting.csproj", "{0B0A47E1-DA8B-4D20-9686-0208DD36766E}"
EndProject
Project("{FAE04EC0-301F-11D3-BF4B-00C04F79EFBC}") = "TmUnitTesting.UnitTests", "TmUnitTesting.UnitTests\TmUnitTesting.UnitTests.csproj", "{1F03430F-2564-48B2-8585-08281B0005C2}"
EndProject
Global
	GlobalSection(SolutionConfigurationPlatforms) = preSolution
		Debug|Any CPU = Debug|Any CPU
		Release|Any CPU = Release|Any CPU
	EndGlobalSection
	GlobalSection(ProjectConfigurationPlatforms) = postSolution
		{0B0A47E1-DA8B-4D20-9686-0208DD36766E}.Debug|Any CPU.ActiveCfg = Debug|Any CPU
		{0B0A47E1-DA8B-4D20-9686-0208DD36766E}.Debug|Any CPU.Build.0 = Debug|Any CPU
		{0B0A47E1-DA8B-4D20-9686-0208DD36766E}.Release|Any CPU.ActiveCfg = Release|Any CPU
		{0B0A47E1-DA8B-4D20-9686-0208DD36766E}.Release|Any CPU.Build.0 = Release|Any CPU
		{1F03430F-2564-48B2-8585-08281B0005C2}.Debug|Any CPU.ActiveCfg = Debug|Any CPU
		{1F03430F-2564-48B2-8585-08281B0005C2}.Debug|Any CPU.Build.0 = Debug|Any CPU
		{1F03430F-2564-48B2-8585-08281B0005C2}.Release|Any CPU.ActiveCfg = Release|Any CPU
		{1F03430F-2564-48B2-8585-08281B0005C2}.Release|Any CPU.Build.0 = Release|Any CPU
	EndGlobalSection
	GlobalSection(SolutionProperties) = preSolution
		HideSolutionNode = FALSE
	EndGlobalSection
	GlobalSection(ExtensibilityGlobals) = postSolution
		SolutionGuid = {DB81FF24-970A-4680-8E38-9FF323ADE426}
	EndGlobalSection
EndGlobal
